
Microsoft Visual Studio Solution File, Format Version 12.00
# Visual Studio Version 17
VisualStudioVersion = 17.3.32819.101
MinimumVisualStudioVersion = 10.0.40219.1
Project("{FAE04EC0-301F-11D3-BF4B-00C04F79EFBC}") = "AnimalBehaviorModeling", "AnimalBehaviorModeling\AnimalBehaviorModeling.csproj", "{C471C52D-4F5C-4ED3-8342-A135AFBB36BE}"
EndProject
Global
	GlobalSection(SolutionConfigurationPlatforms) = preSolution
		Debug|Any CPU = Debug|Any CPU
		Release|Any CPU = Release|Any CPU
	EndGlobalSection
	GlobalSection(ProjectConfigurationPlatforms) = postSolution
		{C471C52D-4F5C-4ED3-8342-A135AFBB36BE}.Debug|Any CPU.ActiveCfg = Debug|Any CPU
		{C471C52D-4F5C-4ED3-8342-A135AFBB36BE}.Debug|Any CPU.Build.0 = Debug|Any CPU
		{C471C52D-4F5C-4ED3-8342-A135AFBB36BE}.Release|Any CPU.ActiveCfg = Release|Any CPU
		{C471C52D-4F5C-4ED3-8342-A135AFBB36BE}.Release|Any CPU.Build.0 = Release|Any CPU
	EndGlobalSection
	GlobalSection(SolutionProperties) = preSolution
		HideSolutionNode = FALSE
	EndGlobalSection
	GlobalSection(ExtensibilityGlobals) = postSolution
		SolutionGuid = {4618AD65-0F77-4509-8345-F588C3ECE21E}
	EndGlobalSection
EndGlobal
